Microsoft Visual Studio Solution File, Format Version 12.00
# Visual Studio Version 17
VisualStudioVersion = 17.5.2.0
MinimumVisualStudioVersion = 10.0.40219.1
Project("{FAE04EC0-301F-11D3-BF4B-00C04F79EFBC}") = "EscolaEAD", "EscolaEAD.csproj", "{5246E62D-8BBC-F93C-C03D-759DB8501300}"
EndProject
Global
	GlobalSection(SolutionConfigurationPlatforms) = preSolution
		Debug|Any CPU = Debug|Any CPU
		Release|Any CPU = Release|Any CPU
	EndGlobalSection
	GlobalSection(ProjectConfigurationPlatforms) = postSolution
		{5246E62D-8BBC-F93C-C03D-759DB8501300}.Debug|Any CPU.ActiveCfg = Debug|Any CPU
		{5246E62D-8BBC-F93C-C03D-759DB8501300}.Debug|Any CPU.Build.0 = Debug|Any CPU
		{5246E62D-8BBC-F93C-C03D-759DB8501300}.Release|Any CPU.ActiveCfg = Release|Any CPU
		{5246E62D-8BBC-F93C-C03D-759DB8501300}.Release|Any CPU.Build.0 = Release|Any CPU
	EndGlobalSection
	GlobalSection(SolutionProperties) = preSolution
		HideSolutionNode = FALSE
	EndGlobalSection
	GlobalSection(ExtensibilityGlobals) = postSolution
		SolutionGuid = {6054EAF0-9D86-4978-A1E3-395E865C73F2}
	EndGlobalSection
EndGlobal
